<Solution>
  <Project Path="SubscriptionPlatformApp.API/SubscriptionPlatformApp.API.csproj" />
  <Project Path="SubscriptionPlatformApp.Application/SubscriptionPlatformApp.Application.csproj" />
  <Project Path="SubscriptionPlatformApp.Domain/SubscriptionPlatformApp.Domain.csproj" />
  <Project Path="SubscriptionPlatformApp.Infrastructure/SubscriptionPlatformApp.Infrastructure.csproj" />
</Solution>
